<Solution>
  <Folder Name="/Solution Items/">
    <File Path=".csharpierignore" />
    <File Path=".editorconfig" />
    <File Path=".gitignore" />
    <File Path="Directory.Build.props" />
  </Folder>
  <Folder Name="/WinUI/">
    <Project Path="TitanFx.DependencyProperty.WinUI.Tests/TitanFx.DependencyProperty.WinUI.Tests.csproj" />
    <Project Path="TitanFx.DependencyProperty.WinUI.UnitTests/TitanFx.DependencyProperty.WinUI.UnitTests.csproj" />
    <Project Path="TitanFx.DependencyProperty.WinUI/TitanFx.DependencyProperty.WinUI.csproj" />
    <Project Path="WinUI.Stubs/WinUI.Stubs.csproj" />
  </Folder>
  <Folder Name="/Wpf/">
    <Project Path="TitanFx.DependencyProperty.Wpf.Tests/TitanFx.DependencyProperty.Wpf.Tests.csproj" />
    <Project Path="TitanFx.DependencyProperty.Wpf.UnitTests/TitanFx.DependencyProperty.Wpf.UnitTests.csproj" />
    <Project Path="TitanFx.DependencyProperty.Wpf/TitanFx.DependencyProperty.Wpf.csproj" />
    <Project Path="Wpf.Stubs/Wpf.Stubs.csproj" />
  </Folder>
</Solution>
